
Microsoft Visual Studio Solution File, Format Version 12.00
# Visual Studio Version 17
VisualStudioVersion = 17.0.32126.317
MinimumVisualStudioVersion = 10.0.40219.1
Project("{FAE04EC0-301F-11D3-BF4B-00C04F79EFBC}") = "assignment5", "assignment5\assignment5.csproj", "{47B8684A-C0CB-4B2A-A3AB-DA27430A4549}"
EndProject
Global
	GlobalSection(SolutionConfigurationPlatforms) = preSolution
		Debug|Any CPU = Debug|Any CPU
		Release|Any CPU = Release|Any CPU
	EndGlobalSection
	GlobalSection(ProjectConfigurationPlatforms) = postSolution
		{47B8684A-C0CB-4B2A-A3AB-DA27430A4549}.Debug|Any CPU.ActiveCfg = Debug|Any CPU
		{47B8684A-C0CB-4B2A-A3AB-DA27430A4549}.Debug|Any CPU.Build.0 = Debug|Any CPU
		{47B8684A-C0CB-4B2A-A3AB-DA27430A4549}.Release|Any CPU.ActiveCfg = Release|Any CPU
		{47B8684A-C0CB-4B2A-A3AB-DA27430A4549}.Release|Any CPU.Build.0 = Release|Any CPU
	EndGlobalSection
	GlobalSection(SolutionProperties) = preSolution
		HideSolutionNode = FALSE
	EndGlobalSection
	GlobalSection(ExtensibilityGlobals) = postSolution
		SolutionGuid = {C2498420-700A-48C5-8114-7F91082AC6BC}
	EndGlobalSection
EndGlobal
