
Microsoft Visual Studio Solution File, Format Version 12.00
# Visual Studio Version 17
VisualStudioVersion = 17.0.32126.317
MinimumVisualStudioVersion = 10.0.40219.1
Project("{FAE04EC0-301F-11D3-BF4B-00C04F79EFBC}") = "assignment1", "assignment1\assignment1.csproj", "{C4FA54DD-7DDA-4424-A0D7-B11BDD7674EB}"
EndProject
Global
	GlobalSection(SolutionConfigurationPlatforms) = preSolution
		Debug|Any CPU = Debug|Any CPU
		Release|Any CPU = Release|Any CPU
	EndGlobalSection
	GlobalSection(ProjectConfigurationPlatforms) = postSolution
		{C4FA54DD-7DDA-4424-A0D7-B11BDD7674EB}.Debug|Any CPU.ActiveCfg = Debug|Any CPU
		{C4FA54DD-7DDA-4424-A0D7-B11BDD7674EB}.Debug|Any CPU.Build.0 = Debug|Any CPU
		{C4FA54DD-7DDA-4424-A0D7-B11BDD7674EB}.Release|Any CPU.ActiveCfg = Release|Any CPU
		{C4FA54DD-7DDA-4424-A0D7-B11BDD7674EB}.Release|Any CPU.Build.0 = Release|Any CPU
	EndGlobalSection
	GlobalSection(SolutionProperties) = preSolution
		HideSolutionNode = FALSE
	EndGlobalSection
	GlobalSection(ExtensibilityGlobals) = postSolution
		SolutionGuid = {710168A0-779B-497F-BB98-B5673A0FC138}
	EndGlobalSection
EndGlobal
