
Microsoft Visual Studio Solution File, Format Version 12.00
# Visual Studio Version 17
VisualStudioVersion = 17.0.32126.317
MinimumVisualStudioVersion = 10.0.40219.1
Project("{FAE04EC0-301F-11D3-BF4B-00C04F79EFBC}") = "flower", "flower\flower.csproj", "{0E07F346-9193-401B-8DE1-13172BFAE559}"
EndProject
Global
	GlobalSection(SolutionConfigurationPlatforms) = preSolution
		Debug|Any CPU = Debug|Any CPU
		Release|Any CPU = Release|Any CPU
	EndGlobalSection
	GlobalSection(ProjectConfigurationPlatforms) = postSolution
		{0E07F346-9193-401B-8DE1-13172BFAE559}.Debug|Any CPU.ActiveCfg = Debug|Any CPU
		{0E07F346-9193-401B-8DE1-13172BFAE559}.Debug|Any CPU.Build.0 = Debug|Any CPU
		{0E07F346-9193-401B-8DE1-13172BFAE559}.Release|Any CPU.ActiveCfg = Release|Any CPU
		{0E07F346-9193-401B-8DE1-13172BFAE559}.Release|Any CPU.Build.0 = Release|Any CPU
	EndGlobalSection
	GlobalSection(SolutionProperties) = preSolution
		HideSolutionNode = FALSE
	EndGlobalSection
	GlobalSection(ExtensibilityGlobals) = postSolution
		SolutionGuid = {E36B7761-BE2B-43E4-84C0-D2A2D9CC2988}
	EndGlobalSection
EndGlobal
